
Microsoft Visual Studio Solution File, Format Version 12.00
# Visual Studio Version 17
VisualStudioVersion = 17.12.35707.178 d17.12
MinimumVisualStudioVersion = 10.0.40219.1
Project("{8BC9CEB8-8B4A-11D0-8D11-00A0C91BC942}") = "秦九韶算法", "秦九韶算法.vcxproj", "{F3CA1D23-0FC1-44A0-96C6-F8918E71EB0C}"
EndProject
Global
	GlobalSection(SolutionConfigurationPlatforms) = preSolution
		Debug|x64 = Debug|x64
		Debug|x86 = Debug|x86
		Release|x64 = Release|x64
		Release|x86 = Release|x86
	EndGlobalSection
	GlobalSection(ProjectConfigurationPlatforms) = postSolution
		{F3CA1D23-0FC1-44A0-96C6-F8918E71EB0C}.Debug|x64.ActiveCfg = Debug|x64
		{F3CA1D23-0FC1-44A0-96C6-F8918E71EB0C}.Debug|x64.Build.0 = Debug|x64
		{F3CA1D23-0FC1-44A0-96C6-F8918E71EB0C}.Debug|x86.ActiveCfg = Debug|Win32
		{F3CA1D23-0FC1-44A0-96C6-F8918E71EB0C}.Debug|x86.Build.0 = Debug|Win32
		{F3CA1D23-0FC1-44A0-96C6-F8918E71EB0C}.Release|x64.ActiveCfg = Release|x64
		{F3CA1D23-0FC1-44A0-96C6-F8918E71EB0C}.Release|x64.Build.0 = Release|x64
		{F3CA1D23-0FC1-44A0-96C6-F8918E71EB0C}.Release|x86.ActiveCfg = Release|Win32
		{F3CA1D23-0FC1-44A0-96C6-F8918E71EB0C}.Release|x86.Build.0 = Release|Win32
	EndGlobalSection
	GlobalSection(SolutionProperties) = preSolution
		HideSolutionNode = FALSE
	EndGlobalSection
EndGlobal
